// !$*UTF8*$!
{
	archiveVersion = 1;
	classes = {
	};
	objectVersion = 50;
	objects = {

/* Begin PBXBuildFile section */
		9D531DF521A64B8700DBA356 /* AppDelegate.swift in Sources */ = {isa = PBXBuildFile; fileRef = 9D531DF421A64B8700DBA356 /* AppDelegate.swift */; };
		9D531DF721A64B8700DBA356 /* ViewController.swift in Sources */ = {isa = PBXBuildFile; fileRef = 9D531DF621A64B8700DBA356 /* ViewController.swift */; };
		9D531DFA21A64B8700DBA356 /* Main.storyboard in Resources */ = {isa = PBXBuildFile; fileRef = 9D531DF821A64B8700DBA356 /* Main.storyboard */; };
		9D531DFC21A64B8A00DBA356 /* Assets.xcassets in Resources */ = {isa = PBXBuildFile; fileRef = 9D531DFB21A64B8A00DBA356 /* Assets.xcassets */; };
		9D531DFF21A64B8A00DBA356 /* LaunchScreen.storyboard in Resources */ = {isa = PBXBuildFile; fileRef = 9D531DFD21A64B8A00DBA356 /* LaunchScreen.storyboard */; };
		9D531E0A21A64B8A00DBA356 /* calculatorTests.swift in Sources */ = {isa = PBXBuildFile; fileRef = 9D531E0921A64B8A00DBA356 /* calculatorTests.swift */; };
		9D531E1521A64B8A00DBA356 /* calculatorUITests.swift in Sources */ = {isa = PBXBuildFile; fileRef = 9D531E1421A64B8A00DBA356 /* calculatorUITests.swift */; };
/* End PBXBuildFile section */

/* Begin PBXContainerItemProxy section */
		9D531E0621A64B8A00DBA356 /* PBXContainerItemProxy */ = {
			isa = PBXContainerItemProxy;
			containerPortal = 9D531DE921A64B8700DBA356 /* Project object */;
			proxyType = 1;
			remoteGlobalIDString = 9D531DF021A64B8700DBA356;
			remoteInfo = calculator;
		};
		9D531E1121A64B8A00DBA356 /* PBXContainerItemProxy */ = {
			isa = PBXContainerItemProxy;
			containerPortal = 9D531DE921A64B8700DBA356 /* Project object */;
			proxyType = 1;
			remoteGlobalIDString = 9D531DF021A64B8700DBA356;
			remoteInfo = calculator;
		};
/* End PBXContainerItemProxy section */

/* Begin PBXFileReference section */
		9D531DF121A64B8700DBA356 /* calculator.app */ = {isa = PBXFileReference; explicitFileType = wrapper.application; includeInIndex = 0; path = calculator.app; sourceTree = BUILT_PRODUCTS_DIR; };
		9D531DF421A64B8700DBA356 /* AppDelegate.swift */ = {isa = PBXFileReference; lastKnownFileType = sourcecode.swift; path = AppDelegate.swift; sourceTree = "<group>"; };
		9D531DF621A64B8700DBA356 /* ViewController.swift */ = {isa = PBXFileReference; lastKnownFileType = sourcecode.swift; path = ViewController.swift; sourceTree = "<group>"; };
		9D531DF921A64B8700DBA356 /* Base */ = {isa = PBXFileReference; lastKnownFileType = file.storyboard; name = Base; path = Base.lproj/Main.storyboard; sourceTree = "<group>"; };
		9D531DFB21A64B8A00DBA356 /* Assets.xcassets */ = {isa = PBXFileReference; lastKnownFileType = folder.assetcatalog; path = Assets.xcassets; sourceTree = "<group>"; };
		9D531DFE21A64B8A00DBA356 /* Base */ = {isa = PBXFileReference; lastKnownFileType = file.storyboard; name = Base; path = Base.lproj/LaunchScreen.storyboard; sourceTree = "<group>"; };
		9D531E0021A64B8A00DBA356 /* Info.plist */ = {isa = PBXFileReference; lastKnownFileType = text.plist.xml; path = Info.plist; sourceTree = "<group>"; };
		9D531E0521A64B8A00DBA356 /* calculatorTests.xctest */ = {isa = PBXFileReference; explicitFileType = wrapper.cfbundle; includeInIndex = 0; path = calculatorTests.xctest; sourceTree = BUILT_PRODUCTS_DIR; };
		9D531E0921A64B8A00DBA356 /* calculatorTests.swift */ = {isa = PBXFileReference; lastKnownFileType = sourcecode.swift; path = calculatorTests.swift; sourceTree = "<group>"; };
		9D531E0B21A64B8A00DBA356 /* Info.plist */ = {isa = PBXFileReference; lastKnownFileType = text.plist.xml; path = Info.plist; sourceTree = "<group>"; };
		9D531E1021A64B8A00DBA356 /* calculatorUITests.xctest */ = {isa = PBXFileReference; explicitFileType = wrapper.cfbundle; includeInIndex = 0; path = calculatorUITests.xctest; sourceTree = BUILT_PRODUCTS_DIR; };
		9D531E1421A64B8A00DBA356 /* calculatorUITests.swift */ = {isa = PBXFileReference; lastKnownFileType = sourcecode.swift; path = calculatorUITests.swift; sourceTree = "<group>"; };
		9D531E1621A64B8A00DBA356 /* Info.plist */ = {isa = PBXFileReference; lastKnownFileType = text.plist.xml; path = Info.plist; sourceTree = "<group>"; };
/* End PBXFileReference section */

/* Begin PBXFrameworksBuildPhase section */
		9D531DEE21A64B8700DBA356 /* Frameworks */ = {
			isa = PBXFrameworksBuildPhase;
			buildActionMask = 2147483647;
			files = (
			);
			runOnlyForDeploymentPostprocessing = 0;
		};
		9D531E0221A64B8A00DBA356 /* Frameworks */ = {
			isa = PBXFrameworksBuildPhase;
			buildActionMask = 2147483647;
			files = (
			);
			runOnlyForDeploymentPostprocessing = 0;
		};
		9D531E0D21A64B8A00DBA356 /* Frameworks */ = {
			isa = PBXFrameworksBuildPhase;
			buildActionMask = 2147483647;
			files = (
			);
			runOnlyForDeploymentPostprocessing = 0;
		};
/* End PBXFrameworksBuildPhase section */

/* Begin PBXGroup section */
		9D531DE821A64B8700DBA356 = {
			isa = PBXGroup;
			children = (
				9D531DF321A64B8700DBA356 /* calculator */,
				9D531E0821A64B8A00DBA356 /* calculatorTests */,
				9D531E1321A64B8A00DBA356 /* calculatorUITests */,
				9D531DF221A64B8700DBA356 /* Products */,
			);
			sourceTree = "<group>";
		};
		9D531DF221A64B8700DBA356 /* Products */ = {
			isa = PBXGroup;
			children = (
				9D531DF121A64B8700DBA356 /* calculator.app */,
				9D531E0521A64B8A00DBA356 /* calculatorTests.xctest */,
				9D531E1021A64B8A00DBA356 /* calculatorUITests.xctest */,
			);
			name = Products;
			sourceTree = "<group>";
		};
		9D531DF321A64B8700DBA356 /* calculator */ = {
			isa = PBXGroup;
			children = (
				9D531DF421A64B8700DBA356 /* AppDelegate.swift */,
				9D531DF621A64B8700DBA356 /* ViewController.swift */,
				9D531DF821A64B8700DBA356 /* Main.storyboard */,
				9D531DFB21A64B8A00DBA356 /* Assets.xcassets */,
				9D531DFD21A64B8A00DBA356 /* LaunchScreen.storyboard */,
				9D531E0021A64B8A00DBA356 /* Info.plist */,
			);
			path = calculator;
			sourceTree = "<group>";
		};
		9D531E0821A64B8A00DBA356 /* calculatorTests */ = {
			isa = PBXGroup;
			children = (
				9D531E0921A64B8A00DBA356 /* calculatorTests.swift */,
				9D531E0B21A64B8A00DBA356 /* Info.plist */,
			);
			path = calculatorTests;
			sourceTree = "<group>";
		};
		9D531E1321A64B8A00DBA356 /* calculatorUITests */ = {
			isa = PBXGroup;
			children = (
				9D531E1421A64B8A00DBA356 /* calculatorUITests.swift */,
				9D531E1621A64B8A00DBA356 /* Info.plist */,
			);
			path = calculatorUITests;
			sourceTree = "<group>";
		};
/* End PBXGroup section */

/* Begin PBXNativeTarget section */
		9D531DF021A64B8700DBA356 /* calculator */ = {
			isa = PBXNativeTarget;
			buildConfigurationList = 9D531E1921A64B8A00DBA356 /* Build configuration list for PBXNativeTarget "calculator" */;
			buildPhases = (
				9D531DED21A64B8700DBA356 /* Sources */,
				9D531DEE21A64B8700DBA356 /* Frameworks */,
				9D531DEF21A64B8700DBA356 /* Resources */,
			);
			buildRules = (
			);
			dependencies = (
			);
			name = calculator;
			productName = calculator;
			productReference = 9D531DF121A64B8700DBA356 /* calculator.app */;
			productType = "com.apple.product-type.application";
		};
		9D531E0421A64B8A00DBA356 /* calculatorTests */ = {
			isa = PBXNativeTarget;
			buildConfigurationList = 9D531E1C21A64B8A00DBA356 /* Build configuration list for PBXNativeTarget "calculatorTests" */;
			buildPhases = (
				9D531E0121A64B8A00DBA356 /* Sources */,
				9D531E0221A64B8A00DBA356 /* Frameworks */,
				9D531E0321A64B8A00DBA356 /* Resources */,
			);
			buildRules = (
			);
			dependencies = (
				9D531E0721A64B8A00DBA356 /* PBXTargetDependency */,
			);
			name = calculatorTests;
			productName = calculatorTests;
			productReference = 9D531E0521A64B8A00DBA356 /* calculatorTests.xctest */;
			productType = "com.apple.product-type.bundle.unit-test";
		};
		9D531E0F21A64B8A00DBA356 /* calculatorUITests */ = {
			isa = PBXNativeTarget;
			buildConfigurationList = 9D531E1F21A64B8A00DBA356 /* Build configuration list for PBXNativeTarget "calculatorUITests" */;
			buildPhases = (
				9D531E0C21A64B8A00DBA356 /* Sources */,
				9D531E0D21A64B8A00DBA356 /* Frameworks */,
				9D531E0E21A64B8A00DBA356 /* Resources */,
			);
			buildRules = (
			);
			dependencies = (
				9D531E1221A64B8A00DBA356 /* PBXTargetDependency */,
			);
			name = calculatorUITests;
			productName = calculatorUITests;
			productReference = 9D531E1021A64B8A00DBA356 /* calculatorUITests.xctest */;
			productType = "com.apple.product-type.bundle.ui-testing";
		};
/* End PBXNativeTarget section */

/* Begin PBXProject section */
		9D531DE921A64B8700DBA356 /* Project object */ = {
			isa = PBXProject;
			attributes = {
				LastSwiftUpdateCheck = 1010;
				LastUpgradeCheck = 1010;
				ORGANIZATIONNAME = s20171103192;
				TargetAttributes = {
					9D531DF021A64B8700DBA356 = {
						CreatedOnToolsVersion = 10.1;
					};
					9D531E0421A64B8A00DBA356 = {
						CreatedOnToolsVersion = 10.1;
						TestTargetID = 9D531DF021A64B8700DBA356;
					};
					9D531E0F21A64B8A00DBA356 = {
						CreatedOnToolsVersion = 10.1;
						TestTargetID = 9D531DF021A64B8700DBA356;
					};
				};
			};
			buildConfigurationList = 9D531DEC21A64B8700DBA356 /* Build configuration list for PBXProject "calculator" */;
			compatibilityVersion = "Xcode 9.3";
			developmentRegion = en;
			hasScannedForEncodings = 0;
			knownRegions = (
				en,
				Base,
			);
			mainGroup = 9D531DE821A64B8700DBA356;
			productRefGroup = 9D531DF221A64B8700DBA356 /* Products */;
			projectDirPath = "";
			projectRoot = "";
			targets = (
				9D531DF021A64B8700DBA356 /* calculator */,
				9D531E0421A64B8A00DBA356 /* calculatorTests */,
				9D531E0F21A64B8A00DBA356 /* calculatorUITests */,
			);
		};
/* End PBXProject section */

/* Begin PBXResourcesBuildPhase section */
		9D531DEF21A64B8700DBA356 /* Resources */ = {
			isa = PBXResourcesBuildPhase;
			buildActionMask = 2147483647;
			files = (
				9D531DFF21A64B8A00DBA356 /* LaunchScreen.storyboard in Resources */,
				9D531DFC21A64B8A00DBA356 /* Assets.xcassets in Resources */,
				9D531DFA21A64B8700DBA356 /* Main.storyboard in Resources */,
			);
			runOnlyForDeploymentPostprocessing = 0;
		};
		9D531E0321A64B8A00DBA356 /* Resources */ = {
			isa = PBXResourcesBuildPhase;
			buildActionMask = 2147483647;
			files = (
			);
			runOnlyForDeploymentPostprocessing = 0;
		};
		9D531E0E21A64B8A00DBA356 /* Resources */ = {
			isa = PBXResourcesBuildPhase;
			buildActionMask = 2147483647;
			files = (
			);
			runOnlyForDeploymentPostprocessing = 0;
		};
/* End PBXResourcesBuildPhase section */

/* Begin PBXSourcesBuildPhase section */
		9D531DED21A64B8700DBA356 /* Sources */ = {
			isa = PBXSourcesBuildPhase;
			buildActionMask = 2147483647;
			files = (
				9D531DF721A64B8700DBA356 /* ViewController.swift in Sources */,
				9D531DF521A64B8700DBA356 /* AppDelegate.swift in Sources */,
			);
			runOnlyForDeploymentPostprocessing = 0;
		};
		9D531E0121A64B8A00DBA356 /* Sources */ = {
			isa = PBXSourcesBuildPhase;
			buildActionMask = 2147483647;
			files = (
				9D531E0A21A64B8A00DBA356 /* calculatorTests.swift in Sources */,
			);
			runOnlyForDeploymentPostprocessing = 0;
		};
		9D531E0C21A64B8A00DBA356 /* Sources */ = {
			isa = PBXSourcesBuildPhase;
			buildActionMask = 2147483647;
			files = (
				9D531E1521A64B8A00DBA356 /* calculatorUITests.swift in Sources */,
			);
			runOnlyForDeploymentPostprocessing = 0;
		};
/* End PBXSourcesBuildPhase section */

/* Begin PBXTargetDependency section */
		9D531E0721A64B8A00DBA356 /* PBXTargetDependency */ = {
			isa = PBXTargetDependency;
			target = 9D531DF021A64B8700DBA356 /* calculator */;
			targetProxy = 9D531E0621A64B8A00DBA356 /* PBXContainerItemProxy */;
		};
		9D531E1221A64B8A00DBA356 /* PBXTargetDependency */ = {
			isa = PBXTargetDependency;
			target = 9D531DF021A64B8700DBA356 /* calculator */;
			targetProxy = 9D531E1121A64B8A00DBA356 /* PBXContainerItemProxy */;
		};
/* End PBXTargetDependency section */

/* Begin PBXVariantGroup section */
		9D531DF821A64B8700DBA356 /* Main.storyboard */ = {
			isa = PBXVariantGroup;
			children = (
				9D531DF921A64B8700DBA356 /* Base */,
			);
			name = Main.storyboard;
			sourceTree = "<group>";
		};
		9D531DFD21A64B8A00DBA356 /* LaunchScreen.storyboard */ = {
			isa = PBXVariantGroup;
			children = (
				9D531DFE21A64B8A00DBA356 /* Base */,
			);
			name = LaunchScreen.storyboard;
			sourceTree = "<group>";
		};
/* End PBXVariantGroup section */

/* Begin XCBuildConfiguration section */
		9D531E1721A64B8A00DBA356 /* Debug */ = {
			isa = XCBuildConfiguration;
			buildSettings = {
				ALWAYS_SEARCH_USER_PATHS = NO;
				CLANG_ANALYZER_NONNULL = YES;
				CLANG_ANALYZER_NUMBER_OBJECT_CONVERSION = YES_AGGRESSIVE;
				CLANG_CXX_LANGUAGE_STANDARD = "gnu++14";
				CLANG_CXX_LIBRARY = "libc++";
				CLANG_ENABLE_MODULES = YES;
				CLANG_ENABLE_OBJC_ARC = YES;
				CLANG_ENABLE_OBJC_WEAK = YES;
				CLANG_WARN_BLOCK_CAPTURE_AUTORELEASING = YES;
				CLANG_WARN_BOOL_CONVERSION = YES;
				CLANG_WARN_COMMA = YES;
				CLANG_WARN_CONSTANT_CONVERSION = YES;
				CLANG_WARN_DEPRECATED_OBJC_IMPLEMENTATIONS = YES;
				CLANG_WARN_DIRECT_OBJC_ISA_USAGE = YES_ERROR;
				CLANG_WARN_DOCUMENTATION_COMMENTS = YES;
				CLANG_WARN_EMPTY_BODY = YES;
				CLANG_WARN_ENUM_CONVERSION = YES;
				CLANG_WARN_INFINITE_RECURSION = YES;
				CLANG_WARN_INT_CONVERSION = YES;
				CLANG_WARN_NON_LITERAL_NULL_CONVERSION = YES;
				CLANG_WARN_OBJC_IMPLICIT_RETAIN_SELF = YES;
				CLANG_WARN_OBJC_LITERAL_CONVERSION = YES;
				CLANG_WARN_OBJC_ROOT_CLASS = YES_ERROR;
				CLANG_WARN_RANGE_LOOP_ANALYSIS = YES;
				CLANG_WARN_STRICT_PROTOTYPES = YES;
				CLANG_WARN_SUSPICIOUS_MOVE = YES;
				CLANG_WARN_UNGUARDED_AVAILABILITY = YES_AGGRESSIVE;
				CLANG_WARN_UNREACHABLE_CODE = YES;
				CLANG_WARN__DUPLICATE_METHOD_MATCH = YES;
				CODE_SIGN_IDENTITY = "iPhone Developer";
				COPY_PHASE_STRIP = NO;
				DEBUG_INFORMATION_FORMAT = dwarf;
				ENABLE_STRICT_OBJC_MSGSEND = YES;
				ENABLE_TESTABILITY = YES;
				GCC_C_LANGUAGE_STANDARD = gnu11;
				GCC_DYNAMIC_NO_PIC = NO;
				GCC_NO_COMMON_BLOCKS = YES;
				GCC_OPTIMIZATION_LEVEL = 0;
				GCC_PREPROCESSOR_DEFINITIONS = (
					"DEBUG=1",
					"$(inherited)",
				);
				GCC_WARN_64_TO_32_BIT_CONVERSION = YES;
				GCC_WARN_ABOUT_RETURN_TYPE = YES_ERROR;
				GCC_WARN_UNDECLARED_SELECTOR = YES;
				GCC_WARN_UNINITIALIZED_AUTOS = YES_AGGRESSIVE;
				GCC_WARN_UNUSED_FUNCTION = YES;
				GCC_WARN_UNUSED_VARIABLE = YES;
				IPHONEOS_DEPLOYMENT_TARGET = 12.1;
				MTL_ENABLE_DEBUG_INFO = INCLUDE_SOURCE;
				MTL_FAST_MATH = YES;
				ONLY_ACTIVE_ARCH = YES;
				SDKROOT = iphoneos;
				SWIFT_ACTIVE_COMPILATION_CONDITIONS = DEBUG;
				SWIFT_OPTIMIZATION_LEVEL = "-Onone";
			};
			name = Debug;
		};
		9D531E1821A64B8A00DBA356 /* Release */ = {
			isa = XCBuildConfiguration;
			buildSettings = {
				ALWAYS_SEARCH_USER_PATHS = NO;
				CLANG_ANALYZER_NONNULL = YES;
				CLANG_ANALYZER_NUMBER_OBJECT_CONVERSION = YES_AGGRESSIVE;
				CLANG_CXX_LANGUAGE_STANDARD = "gnu++14";
				CLANG_CXX_LIBRARY = "libc++";
				CLANG_ENABLE_MODULES = YES;
				CLANG_ENABLE_OBJC_ARC = YES;
				CLANG_ENABLE_OBJC_WEAK = YES;
				CLANG_WARN_BLOCK_CAPTURE_AUTORELEASING = YES;
				CLANG_WARN_BOOL_CONVERSION = YES;
				CLANG_WARN_COMMA = YES;
				CLANG_WARN_CONSTANT_CONVERSION = YES;
				CLANG_WARN_DEPRECATED_OBJC_IMPLEMENTATIONS = YES;
				CLANG_WARN_DIRECT_OBJC_ISA_USAGE = YES_ERROR;
				CLANG_WARN_DOCUMENTATION_COMMENTS = YES;
				CLANG_WARN_EMPTY_BODY = YES;
				CLANG_WARN_ENUM_CONVERSION = YES;
				CLANG_WARN_INFINITE_RECURSION = YES;
				CLANG_WARN_INT_CONVERSION = YES;
				CLANG_WARN_NON_LITERAL_NULL_CONVERSION = YES;
				CLANG_WARN_OBJC_IMPLICIT_RETAIN_SELF = YES;
				CLANG_WARN_OBJC_LITERAL_CONVERSION = YES;
				CLANG_WARN_OBJC_ROOT_CLASS = YES_ERROR;
				CLANG_WARN_RANGE_LOOP_ANALYSIS = YES;
				CLANG_WARN_STRICT_PROTOTYPES = YES;
				CLANG_WARN_SUSPICIOUS_MOVE = YES;
				CLANG_WARN_UNGUARDED_AVAILABILITY = YES_AGGRESSIVE;
				CLANG_WARN_UNREACHABLE_CODE = YES;
				CLANG_WARN__DUPLICATE_METHOD_MATCH = YES;
				CODE_SIGN_IDENTITY = "iPhone Developer";
				COPY_PHASE_STRIP = NO;
				DEBUG_INFORMATION_FORMAT = "dwarf-with-dsym";
				ENABLE_NS_ASSERTIONS = NO;
				ENABLE_STRICT_OBJC_MSGSEND = YES;
				GCC_C_LANGUAGE_STANDARD = gnu11;
				GCC_NO_COMMON_BLOCKS = YES;
				GCC_WARN_64_TO_32_BIT_CONVERSION = YES;
				GCC_WARN_ABOUT_RETURN_TYPE = YES_ERROR;
				GCC_WARN_UNDECLARED_SELECTOR = YES;
				GCC_WARN_UNINITIALIZED_AUTOS = YES_AGGRESSIVE;
				GCC_WARN_UNUSED_FUNCTION = YES;
				GCC_WARN_UNUSED_VARIABLE = YES;
				IPHONEOS_DEPLOYMENT_TARGET = 12.1;
				MTL_ENABLE_DEBUG_INFO = NO;
				MTL_FAST_MATH = YES;
				SDKROOT = iphoneos;
				SWIFT_COMPILATION_MODE = wholemodule;
				SWIFT_OPTIMIZATION_LEVEL = "-O";
				VALIDATE_PRODUCT = YES;
			};
			name = Release;
		};
		9D531E1A21A64B8A00DBA356 /* Debug */ = {
			isa = XCBuildConfiguration;
			buildSettings = {
				ASSETCATALOG_COMPILER_APPICON_NAME = AppIcon;
				CODE_SIGN_STYLE = Automatic;
				INFOPLIST_FILE = calculator/Info.plist;
				LD_RUNPATH_SEARCH_PATHS = (
					"$(inherited)",
					"@executable_path/Frameworks",
				);
				PRODUCT_BUNDLE_IDENTIFIER = szy.calculator;
				PRODUCT_NAME = "$(TARGET_NAME)";
				SWIFT_VERSION = 4.2;
				TARGETED_DEVICE_FAMILY = "1,2";
			};
			name = Debug;
		};
		9D531E1B21A64B8A00DBA356 /* Release */ = {
			isa = XCBuildConfiguration;
			buildSettings = {
				ASSETCATALOG_COMPILER_APPICON_NAME = AppIcon;
				CODE_SIGN_STYLE = Automatic;
				INFOPLIST_FILE = calculator/Info.plist;
				LD_RUNPATH_SEARCH_PATHS = (
					"$(inherited)",
					"@executable_path/Frameworks",
				);
				PRODUCT_BUNDLE_IDENTIFIER = szy.calculator;
				PRODUCT_NAME = "$(TARGET_NAME)";
				SWIFT_VERSION = 4.2;
				TARGETED_DEVICE_FAMILY = "1,2";
			};
			name = Release;
		};
		9D531E1D21A64B8A00DBA356 /* Debug */ = {
			isa = XCBuildConfiguration;
			buildSettings = {
				ALWAYS_EMBED_SWIFT_STANDARD_LIBRARIES = YES;
				BUNDLE_LOADER = "$(TEST_HOST)";
				CODE_SIGN_STYLE = Automatic;
				INFOPLIST_FILE = calculatorTests/Info.plist;
				LD_RUNPATH_SEARCH_PATHS = (
					"$(inherited)",
					"@executable_path/Frameworks",
					"@loader_path/Frameworks",
				);
				PRODUCT_BUNDLE_IDENTIFIER = szy.calculatorTests;
				PRODUCT_NAME = "$(TARGET_NAME)";
				SWIFT_VERSION = 4.2;
				TARGETED_DEVICE_FAMILY = "1,2";
				TEST_HOST = "$(BUILT_PRODUCTS_DIR)/calculator.app/calculator";
			};
			name = Debug;
		};
		9D531E1E21A64B8A00DBA356 /* Release */ = {
			isa = XCBuildConfiguration;
			buildSettings = {
				ALWAYS_EMBED_SWIFT_STANDARD_LIBRARIES = YES;
				BUNDLE_LOADER = "$(TEST_HOST)";
				CODE_SIGN_STYLE = Automatic;
				INFOPLIST_FILE = calculatorTests/Info.plist;
				LD_RUNPATH_SEARCH_PATHS = (
					"$(inherited)",
					"@executable_path/Frameworks",
					"@loader_path/Frameworks",
				);
				PRODUCT_BUNDLE_IDENTIFIER = szy.calculatorTests;
				PRODUCT_NAME = "$(TARGET_NAME)";
				SWIFT_VERSION = 4.2;
				TARGETED_DEVICE_FAMILY = "1,2";
				TEST_HOST = "$(BUILT_PRODUCTS_DIR)/calculator.app/calculator";
			};
			name = Release;
		};
		9D531E2021A64B8A00DBA356 /* Debug */ = {
			isa = XCBuildConfiguration;
			buildSettings = {
				ALWAYS_EMBED_SWIFT_STANDARD_LIBRARIES = YES;
				CODE_SIGN_STYLE = Automatic;
				INFOPLIST_FILE = calculatorUITests/Info.plist;
				LD_RUNPATH_SEARCH_PATHS = (
					"$(inherited)",
					"@executable_path/Frameworks",
					"@loader_path/Frameworks",
				);
				PRODUCT_BUNDLE_IDENTIFIER = szy.calculatorUITests;
				PRODUCT_NAME = "$(TARGET_NAME)";
				SWIFT_VERSION = 4.2;
				TARGETED_DEVICE_FAMILY = "1,2";
				TEST_TARGET_NAME = calculator;
			};
			name = Debug;
		};
		9D531E2121A64B8A00DBA356 /* Release */ = {
			isa = XCBuildConfiguration;
			buildSettings = {
				ALWAYS_EMBED_SWIFT_STANDARD_LIBRARIES = YES;
				CODE_SIGN_STYLE = Automatic;
				INFOPLIST_FILE = calculatorUITests/Info.plist;
				LD_RUNPATH_SEARCH_PATHS = (
					"$(inherited)",
					"@executable_path/Frameworks",
					"@loader_path/Frameworks",
				);
				PRODUCT_BUNDLE_IDENTIFIER = szy.calculatorUITests;
				PRODUCT_NAME = "$(TARGET_NAME)";
				SWIFT_VERSION = 4.2;
				TARGETED_DEVICE_FAMILY = "1,2";
				TEST_TARGET_NAME = calculator;
			};
			name = Release;
		};
/* End XCBuildConfiguration section */

/* Begin XCConfigurationList section */
		9D531DEC21A64B8700DBA356 /* Build configuration list for PBXProject "calculator" */ = {
			isa = XCConfigurationList;
			buildConfigurations = (
				9D531E1721A64B8A00DBA356 /* Debug */,
				9D531E1821A64B8A00DBA356 /* Release */,
			);
			defaultConfigurationIsVisible = 0;
			defaultConfigurationName = Release;
		};
		9D531E1921A64B8A00DBA356 /* Build configuration list for PBXNativeTarget "calculator" */ = {
			isa = XCConfigurationList;
			buildConfigurations = (
				9D531E1A21A64B8A00DBA356 /* Debug */,
				9D531E1B21A64B8A00DBA356 /* Release */,
			);
			defaultConfigurationIsVisible = 0;
			defaultConfigurationName = Release;
		};
		9D531E1C21A64B8A00DBA356 /* Build configuration list for PBXNativeTarget "calculatorTests" */ = {
			isa = XCConfigurationList;
			buildConfigurations = (
				9D531E1D21A64B8A00DBA356 /* Debug */,
				9D531E1E21A64B8A00DBA356 /* Release */,
			);
			defaultConfigurationIsVisible = 0;
			defaultConfigurationName = Release;
		};
		9D531E1F21A64B8A00DBA356 /* Build configuration list for PBXNativeTarget "calculatorUITests" */ = {
			isa = XCConfigurationList;
			buildConfigurations = (
				9D531E2021A64B8A00DBA356 /* Debug */,
				9D531E2121A64B8A00DBA356 /* Release */,
			);
			defaultConfigurationIsVisible = 0;
			defaultConfigurationName = Release;
		};
/* End XCConfigurationList section */
	};
	rootObject = 9D531DE921A64B8700DBA356 /* Project object */;
}
